
Microsoft Visual Studio Solution File, Format Version 12.00
# Visual Studio Version 17
VisualStudioVersion = 17.8.34525.116
MinimumVisualStudioVersion = 10.0.40219.1
Project("{FAE04EC0-301F-11D3-BF4B-00C04F79EFBC}") = "NewPlayerProtection", "New Player Protection\NewPlayerProtection.csproj", "{7F589570-9D78-464B-B695-837B882BF203}"
EndProject
Global
	GlobalSection(SolutionConfigurationPlatforms) = preSolution
		Debug|Any CPU = Debug|Any CPU
		Release|Any CPU = Release|Any CPU
	EndGlobalSection
	GlobalSection(ProjectConfigurationPlatforms) = postSolution
		{7F589570-9D78-464B-B695-837B882BF203}.Debug|Any CPU.ActiveCfg = Debug|Any CPU
		{7F589570-9D78-464B-B695-837B882BF203}.Debug|Any CPU.Build.0 = Debug|Any CPU
		{7F589570-9D78-464B-B695-837B882BF203}.Release|Any CPU.ActiveCfg = Release|Any CPU
		{7F589570-9D78-464B-B695-837B882BF203}.Release|Any CPU.Build.0 = Release|Any CPU
	EndGlobalSection
	GlobalSection(SolutionProperties) = preSolution
		HideSolutionNode = FALSE
	EndGlobalSection
	GlobalSection(ExtensibilityGlobals) = postSolution
		SolutionGuid = {16E1F5D1-052C-471D-9332-8028889E42F1}
	EndGlobalSection
EndGlobal
